Microsoft Visual Studio Solution File, Format Version 12.00
# Visual Studio Version 17
VisualStudioVersion = 17.5.2.0
MinimumVisualStudioVersion = 10.0.40219.1
Project("{2150E333-8FDC-42A3-9474-1A3956D46DE8}") = "src", "src", "{827E0CD3-B72D-47B6-A68D-7590B98EB39B}"
EndProject
Project("{FAE04EC0-301F-11D3-BF4B-00C04F79EFBC}") = "MasterNet.Application", "src\MasterNet.Application\MasterNet.Application.csproj", "{528508B5-6AF5-DFBC-17F1-F27C93E2A438}"
EndProject
Project("{FAE04EC0-301F-11D3-BF4B-00C04F79EFBC}") = "MasterNet.Domain", "src\MasterNet.Domain\MasterNet.Domain.csproj", "{755B92C6-3111-117E-CECC-5402B5C62A9C}"
EndProject
Project("{FAE04EC0-301F-11D3-BF4B-00C04F79EFBC}") = "MasterNet.Persistence", "src\MasterNet.Persistence\MasterNet.Persistence.csproj", "{C07AB5A7-B7A4-FE59-AB9E-EE7DA87EF57B}"
EndProject
Project("{FAE04EC0-301F-11D3-BF4B-00C04F79EFBC}") = "MasterNet.WebApi", "src\MasterNet.WebApi\MasterNet.WebApi.csproj", "{EF683A7E-A84A-83BB-950D-BD84A6A1141E}"
EndProject
Global
	GlobalSection(SolutionConfigurationPlatforms) = preSolution
		Debug|Any CPU = Debug|Any CPU
		Release|Any CPU = Release|Any CPU
	EndGlobalSection
	GlobalSection(ProjectConfigurationPlatforms) = postSolution
		{528508B5-6AF5-DFBC-17F1-F27C93E2A438}.Debug|Any CPU.ActiveCfg = Debug|Any CPU
		{528508B5-6AF5-DFBC-17F1-F27C93E2A438}.Debug|Any CPU.Build.0 = Debug|Any CPU
		{528508B5-6AF5-DFBC-17F1-F27C93E2A438}.Release|Any CPU.ActiveCfg = Release|Any CPU
		{528508B5-6AF5-DFBC-17F1-F27C93E2A438}.Release|Any CPU.Build.0 = Release|Any CPU
		{755B92C6-3111-117E-CECC-5402B5C62A9C}.Debug|Any CPU.ActiveCfg = Debug|Any CPU
		{755B92C6-3111-117E-CECC-5402B5C62A9C}.Debug|Any CPU.Build.0 = Debug|Any CPU
		{755B92C6-3111-117E-CECC-5402B5C62A9C}.Release|Any CPU.ActiveCfg = Release|Any CPU
		{755B92C6-3111-117E-CECC-5402B5C62A9C}.Release|Any CPU.Build.0 = Release|Any CPU
		{C07AB5A7-B7A4-FE59-AB9E-EE7DA87EF57B}.Debug|Any CPU.ActiveCfg = Debug|Any CPU
		{C07AB5A7-B7A4-FE59-AB9E-EE7DA87EF57B}.Debug|Any CPU.Build.0 = Debug|Any CPU
		{C07AB5A7-B7A4-FE59-AB9E-EE7DA87EF57B}.Release|Any CPU.ActiveCfg = Release|Any CPU
		{C07AB5A7-B7A4-FE59-AB9E-EE7DA87EF57B}.Release|Any CPU.Build.0 = Release|Any CPU
		{EF683A7E-A84A-83BB-950D-BD84A6A1141E}.Debug|Any CPU.ActiveCfg = Debug|Any CPU
		{EF683A7E-A84A-83BB-950D-BD84A6A1141E}.Debug|Any CPU.Build.0 = Debug|Any CPU
		{EF683A7E-A84A-83BB-950D-BD84A6A1141E}.Release|Any CPU.ActiveCfg = Release|Any CPU
		{EF683A7E-A84A-83BB-950D-BD84A6A1141E}.Release|Any CPU.Build.0 = Release|Any CPU
	EndGlobalSection
	GlobalSection(SolutionProperties) = preSolution
		HideSolutionNode = FALSE
	EndGlobalSection
	GlobalSection(NestedProjects) = preSolution
		{528508B5-6AF5-DFBC-17F1-F27C93E2A438} = {827E0CD3-B72D-47B6-A68D-7590B98EB39B}
		{755B92C6-3111-117E-CECC-5402B5C62A9C} = {827E0CD3-B72D-47B6-A68D-7590B98EB39B}
		{C07AB5A7-B7A4-FE59-AB9E-EE7DA87EF57B} = {827E0CD3-B72D-47B6-A68D-7590B98EB39B}
		{EF683A7E-A84A-83BB-950D-BD84A6A1141E} = {827E0CD3-B72D-47B6-A68D-7590B98EB39B}
	EndGlobalSection
	GlobalSection(ExtensibilityGlobals) = postSolution
		SolutionGuid = {7FD71326-4927-44CF-9F30-A073AF58217F}
	EndGlobalSection
EndGlobal
